// !$*UTF8*$!
{
	archiveVersion = 1;
	classes = {
	};
	objectVersion = 50;
	objects = {

/* Begin PBXBuildFile section */
		382086C1260F8980000CECC8 /* LandmarksApp.swift in Sources */ = {isa = PBXBuildFile; fileRef = 382086C0260F8980000CECC8 /* LandmarksApp.swift */; };
		382086C3260F8980000CECC8 /* ContentView.swift in Sources */ = {isa = PBXBuildFile; fileRef = 382086C2260F8980000CECC8 /* ContentView.swift */; };
		382086C5260F8982000CECC8 /* Assets.xcassets in Resources */ = {isa = PBXBuildFile; fileRef = 382086C4260F8982000CECC8 /* Assets.xcassets */; };
		382086C8260F8982000CECC8 /* Preview Assets.xcassets in Resources */ = {isa = PBXBuildFile; fileRef = 382086C7260F8982000CECC8 /* Preview Assets.xcassets */; };
		38649484260F8EF400108470 /* CircleImage.swift in Sources */ = {isa = PBXBuildFile; fileRef = 38649483260F8EF400108470 /* CircleImage.swift */; };
		38649487260F8FFC00108470 /* MapView.swift in Sources */ = {isa = PBXBuildFile; fileRef = 38649486260F8FFC00108470 /* MapView.swift */; };
		38EF5646260FD82400774EFC /* landmarkData.json in Resources */ = {isa = PBXBuildFile; fileRef = 38EF5645260FD82400774EFC /* landmarkData.json */; };
		38EF5649260FD83500774EFC /* Landmark.swift in Sources */ = {isa = PBXBuildFile; fileRef = 38EF5648260FD83500774EFC /* Landmark.swift */; };
		38EF564C260FD9A700774EFC /* ModelData.swift in Sources */ = {isa = PBXBuildFile; fileRef = 38EF564B260FD9A700774EFC /* ModelData.swift */; };
		38EF5654260FDB1900774EFC /* LandmarkRow.swift in Sources */ = {isa = PBXBuildFile; fileRef = 38EF5653260FDB1900774EFC /* LandmarkRow.swift */; };
		38EF5658260FDCB900774EFC /* LandmarkList.swift in Sources */ = {isa = PBXBuildFile; fileRef = 38EF5657260FDCB900774EFC /* LandmarkList.swift */; };
		38EF565B260FDFC200774EFC /* LandmarkDetail.swift in Sources */ = {isa = PBXBuildFile; fileRef = 38EF565A260FDFC200774EFC /* LandmarkDetail.swift */; };
/* End PBXBuildFile section */

/* Begin PBXFileReference section */
		382086BD260F8980000CECC8 /* Landmarks.app */ = {isa = PBXFileReference; explicitFileType = wrapper.application; includeInIndex = 0; path = Landmarks.app; sourceTree = BUILT_PRODUCTS_DIR; };
		382086C0260F8980000CECC8 /* LandmarksApp.swift */ = {isa = PBXFileReference; lastKnownFileType = sourcecode.swift; path = LandmarksApp.swift; sourceTree = "<group>"; };
		382086C2260F8980000CECC8 /* ContentView.swift */ = {isa = PBXFileReference; lastKnownFileType = sourcecode.swift; path = ContentView.swift; sourceTree = "<group>"; };
		382086C4260F8982000CECC8 /* Assets.xcassets */ = {isa = PBXFileReference; lastKnownFileType = folder.assetcatalog; path = Assets.xcassets; sourceTree = "<group>"; };
		382086C7260F8982000CECC8 /* Preview Assets.xcassets */ = {isa = PBXFileReference; lastKnownFileType = folder.assetcatalog; path = "Preview Assets.xcassets"; sourceTree = "<group>"; };
		382086C9260F8982000CECC8 /* Info.plist */ = {isa = PBXFileReference; lastKnownFileType = text.plist.xml; path = Info.plist; sourceTree = "<group>"; };
		38649483260F8EF400108470 /* CircleImage.swift */ = {isa = PBXFileReference; lastKnownFileType = sourcecode.swift; path = CircleImage.swift; sourceTree = "<group>"; };
		38649486260F8FFC00108470 /* MapView.swift */ = {isa = PBXFileReference; lastKnownFileType = sourcecode.swift; path = MapView.swift; sourceTree = "<group>"; };
		38EF5645260FD82400774EFC /* landmarkData.json */ = {isa = PBXFileReference; fileEncoding = 4; lastKnownFileType = text.json; path = landmarkData.json; sourceTree = "<group>"; };
		38EF5648260FD83500774EFC /* Landmark.swift */ = {isa = PBXFileReference; lastKnownFileType = sourcecode.swift; path = Landmark.swift; sourceTree = "<group>"; };
		38EF564B260FD9A700774EFC /* ModelData.swift */ = {isa = PBXFileReference; lastKnownFileType = sourcecode.swift; path = ModelData.swift; sourceTree = "<group>"; };
		38EF5653260FDB1900774EFC /* LandmarkRow.swift */ = {isa = PBXFileReference; lastKnownFileType = sourcecode.swift; path = LandmarkRow.swift; sourceTree = "<group>"; };
		38EF5657260FDCB900774EFC /* LandmarkList.swift */ = {isa = PBXFileReference; lastKnownFileType = sourcecode.swift; path = LandmarkList.swift; sourceTree = "<group>"; };
		38EF565A260FDFC200774EFC /* LandmarkDetail.swift */ = {isa = PBXFileReference; lastKnownFileType = sourcecode.swift; path = LandmarkDetail.swift; sourceTree = "<group>"; };
/* End PBXFileReference section */

/* Begin PBXFrameworksBuildPhase section */
		382086BA260F8980000CECC8 /* Frameworks */ = {
			isa = PBXFrameworksBuildPhase;
			buildActionMask = 2147483647;
			files = (
			);
			runOnlyForDeploymentPostprocessing = 0;
		};
/* End PBXFrameworksBuildPhase section */

/* Begin PBXGroup section */
		382086B4260F8980000CECC8 = {
			isa = PBXGroup;
			children = (
				382086BF260F8980000CECC8 /* Landmarks */,
				382086BE260F8980000CECC8 /* Products */,
			);
			sourceTree = "<group>";
		};
		382086BE260F8980000CECC8 /* Products */ = {
			isa = PBXGroup;
			children = (
				382086BD260F8980000CECC8 /* Landmarks.app */,
			);
			name = Products;
			sourceTree = "<group>";
		};
		382086BF260F8980000CECC8 /* Landmarks */ = {
			isa = PBXGroup;
			children = (
				382086C0260F8980000CECC8 /* LandmarksApp.swift */,
				38EF564F260FDA7700774EFC /* Model */,
				382086C4260F8982000CECC8 /* Assets.xcassets */,
				38EF564E260FDA5100774EFC /* Views */,
				38EF5651260FDA8600774EFC /* Resources */,
				382086C9260F8982000CECC8 /* Info.plist */,
				382086C6260F8982000CECC8 /* Preview Content */,
			);
			path = Landmarks;
			sourceTree = "<group>";
		};
		382086C6260F8982000CECC8 /* Preview Content */ = {
			isa = PBXGroup;
			children = (
				382086C7260F8982000CECC8 /* Preview Assets.xcassets */,
			);
			path = "Preview Content";
			sourceTree = "<group>";
		};
		38EF564E260FDA5100774EFC /* Views */ = {
			isa = PBXGroup;
			children = (
				382086C2260F8980000CECC8 /* ContentView.swift */,
				38649483260F8EF400108470 /* CircleImage.swift */,
				38649486260F8FFC00108470 /* MapView.swift */,
				38EF5653260FDB1900774EFC /* LandmarkRow.swift */,
				38EF5657260FDCB900774EFC /* LandmarkList.swift */,
				38EF565A260FDFC200774EFC /* LandmarkDetail.swift */,
			);
			path = Views;
			sourceTree = "<group>";
		};
		38EF564F260FDA7700774EFC /* Model */ = {
			isa = PBXGroup;
			children = (
				38EF5648260FD83500774EFC /* Landmark.swift */,
				38EF564B260FD9A700774EFC /* ModelData.swift */,
			);
			path = Model;
			sourceTree = "<group>";
		};
		38EF5651260FDA8600774EFC /* Resources */ = {
			isa = PBXGroup;
			children = (
				38EF5645260FD82400774EFC /* landmarkData.json */,
			);
			path = Resources;
			sourceTree = "<group>";
		};
/* End PBXGroup section */

/* Begin PBXNativeTarget section */
		382086BC260F8980000CECC8 /* Landmarks */ = {
			isa = PBXNativeTarget;
			buildConfigurationList = 382086CC260F8982000CECC8 /* Build configuration list for PBXNativeTarget "Landmarks" */;
			buildPhases = (
				382086B9260F8980000CECC8 /* Sources */,
				382086BA260F8980000CECC8 /* Frameworks */,
				382086BB260F8980000CECC8 /* Resources */,
			);
			buildRules = (
			);
			dependencies = (
			);
			name = Landmarks;
			productName = Landmarks;
			productReference = 382086BD260F8980000CECC8 /* Landmarks.app */;
			productType = "com.apple.product-type.application";
		};
/* End PBXNativeTarget section */

/* Begin PBXProject section */
		382086B5260F8980000CECC8 /* Project object */ = {
			isa = PBXProject;
			attributes = {
				LastSwiftUpdateCheck = 1240;
				LastUpgradeCheck = 1240;
				TargetAttributes = {
					382086BC260F8980000CECC8 = {
						CreatedOnToolsVersion = 12.4;
					};
				};
			};
			buildConfigurationList = 382086B8260F8980000CECC8 /* Build configuration list for PBXProject "Landmarks" */;
			compatibilityVersion = "Xcode 9.3";
			developmentRegion = en;
			hasScannedForEncodings = 0;
			knownRegions = (
				en,
				Base,
			);
			mainGroup = 382086B4260F8980000CECC8;
			productRefGroup = 382086BE260F8980000CECC8 /* Products */;
			projectDirPath = "";
			projectRoot = "";
			targets = (
				382086BC260F8980000CECC8 /* Landmarks */,
			);
		};
/* End PBXProject section */

/* Begin PBXResourcesBuildPhase section */
		382086BB260F8980000CECC8 /* Resources */ = {
			isa = PBXResourcesBuildPhase;
			buildActionMask = 2147483647;
			files = (
				382086C8260F8982000CECC8 /* Preview Assets.xcassets in Resources */,
				382086C5260F8982000CECC8 /* Assets.xcassets in Resources */,
				38EF5646260FD82400774EFC /* landmarkData.json in Resources */,
			);
			runOnlyForDeploymentPostprocessing = 0;
		};
/* End PBXResourcesBuildPhase section */

/* Begin PBXSourcesBuildPhase section */
		382086B9260F8980000CECC8 /* Sources */ = {
			isa = PBXSourcesBuildPhase;
			buildActionMask = 2147483647;
			files = (
				382086C3260F8980000CECC8 /* ContentView.swift in Sources */,
				38649487260F8FFC00108470 /* MapView.swift in Sources */,
				382086C1260F8980000CECC8 /* LandmarksApp.swift in Sources */,
				38EF5658260FDCB900774EFC /* LandmarkList.swift in Sources */,
				38EF565B260FDFC200774EFC /* LandmarkDetail.swift in Sources */,
				38649484260F8EF400108470 /* CircleImage.swift in Sources */,
				38EF5649260FD83500774EFC /* Landmark.swift in Sources */,
				38EF5654260FDB1900774EFC /* LandmarkRow.swift in Sources */,
				38EF564C260FD9A700774EFC /* ModelData.swift in Sources */,
			);
			runOnlyForDeploymentPostprocessing = 0;
		};
/* End PBXSourcesBuildPhase section */

/* Begin XCBuildConfiguration section */
		382086CA260F8982000CECC8 /* Debug */ = {
			isa = XCBuildConfiguration;
			buildSettings = {
				ALWAYS_SEARCH_USER_PATHS = NO;
				CLANG_ANALYZER_NONNULL = YES;
				CLANG_ANALYZER_NUMBER_OBJECT_CONVERSION = YES_AGGRESSIVE;
				CLANG_CXX_LANGUAGE_STANDARD = "gnu++14";
				CLANG_CXX_LIBRARY = "libc++";
				CLANG_ENABLE_MODULES = YES;
				CLANG_ENABLE_OBJC_ARC = YES;
				CLANG_ENABLE_OBJC_WEAK = YES;
				CLANG_WARN_BLOCK_CAPTURE_AUTORELEASING = YES;
				CLANG_WARN_BOOL_CONVERSION = YES;
				CLANG_WARN_COMMA = YES;
				CLANG_WARN_CONSTANT_CONVERSION = YES;
				CLANG_WARN_DEPRECATED_OBJC_IMPLEMENTATIONS = YES;
				CLANG_WARN_DIRECT_OBJC_ISA_USAGE = YES_ERROR;
				CLANG_WARN_DOCUMENTATION_COMMENTS = YES;
				CLANG_WARN_EMPTY_BODY = YES;
				CLANG_WARN_ENUM_CONVERSION = YES;
				CLANG_WARN_INFINITE_RECURSION = YES;
				CLANG_WARN_INT_CONVERSION = YES;
				CLANG_WARN_NON_LITERAL_NULL_CONVERSION = YES;
				CLANG_WARN_OBJC_IMPLICIT_RETAIN_SELF = YES;
				CLANG_WARN_OBJC_LITERAL_CONVERSION = YES;
				CLANG_WARN_OBJC_ROOT_CLASS = YES_ERROR;
				CLANG_WARN_QUOTED_INCLUDE_IN_FRAMEWORK_HEADER = YES;
				CLANG_WARN_RANGE_LOOP_ANALYSIS = YES;
				CLANG_WARN_STRICT_PROTOTYPES = YES;
				CLANG_WARN_SUSPICIOUS_MOVE = YES;
				CLANG_WARN_UNGUARDED_AVAILABILITY = YES_AGGRESSIVE;
				CLANG_WARN_UNREACHABLE_CODE = YES;
				CLANG_WARN__DUPLICATE_METHOD_MATCH = YES;
				COPY_PHASE_STRIP = NO;
				DEBUG_INFORMATION_FORMAT = dwarf;
				ENABLE_STRICT_OBJC_MSGSEND = YES;
				ENABLE_TESTABILITY = YES;
				GCC_C_LANGUAGE_STANDARD = gnu11;
				GCC_DYNAMIC_NO_PIC = NO;
				GCC_NO_COMMON_BLOCKS = YES;
				GCC_OPTIMIZATION_LEVEL = 0;
				GCC_PREPROCESSOR_DEFINITIONS = (
					"DEBUG=1",
					"$(inherited)",
				);
				GCC_WARN_64_TO_32_BIT_CONVERSION = YES;
				GCC_WARN_ABOUT_RETURN_TYPE = YES_ERROR;
				GCC_WARN_UNDECLARED_SELECTOR = YES;
				GCC_WARN_UNINITIALIZED_AUTOS = YES_AGGRESSIVE;
				GCC_WARN_UNUSED_FUNCTION = YES;
				GCC_WARN_UNUSED_VARIABLE = YES;
				IPHONEOS_DEPLOYMENT_TARGET = 14.4;
				MTL_ENABLE_DEBUG_INFO = INCLUDE_SOURCE;
				MTL_FAST_MATH = YES;
				ONLY_ACTIVE_ARCH = YES;
				SDKROOT = iphoneos;
				SWIFT_ACTIVE_COMPILATION_CONDITIONS = DEBUG;
				SWIFT_OPTIMIZATION_LEVEL = "-Onone";
			};
			name = Debug;
		};
		382086CB260F8982000CECC8 /* Release */ = {
			isa = XCBuildConfiguration;
			buildSettings = {
				ALWAYS_SEARCH_USER_PATHS = NO;
				CLANG_ANALYZER_NONNULL = YES;
				CLANG_ANALYZER_NUMBER_OBJECT_CONVERSION = YES_AGGRESSIVE;
				CLANG_CXX_LANGUAGE_STANDARD = "gnu++14";
				CLANG_CXX_LIBRARY = "libc++";
				CLANG_ENABLE_MODULES = YES;
				CLANG_ENABLE_OBJC_ARC = YES;
				CLANG_ENABLE_OBJC_WEAK = YES;
				CLANG_WARN_BLOCK_CAPTURE_AUTORELEASING = YES;
				CLANG_WARN_BOOL_CONVERSION = YES;
				CLANG_WARN_COMMA = YES;
				CLANG_WARN_CONSTANT_CONVERSION = YES;
				CLANG_WARN_DEPRECATED_OBJC_IMPLEMENTATIONS = YES;
				CLANG_WARN_DIRECT_OBJC_ISA_USAGE = YES_ERROR;
				CLANG_WARN_DOCUMENTATION_COMMENTS = YES;
				CLANG_WARN_EMPTY_BODY = YES;
				CLANG_WARN_ENUM_CONVERSION = YES;
				CLANG_WARN_INFINITE_RECURSION = YES;
				CLANG_WARN_INT_CONVERSION = YES;
				CLANG_WARN_NON_LITERAL_NULL_CONVERSION = YES;
				CLANG_WARN_OBJC_IMPLICIT_RETAIN_SELF = YES;
				CLANG_WARN_OBJC_LITERAL_CONVERSION = YES;
				CLANG_WARN_OBJC_ROOT_CLASS = YES_ERROR;
				CLANG_WARN_QUOTED_INCLUDE_IN_FRAMEWORK_HEADER = YES;
				CLANG_WARN_RANGE_LOOP_ANALYSIS = YES;
				CLANG_WARN_STRICT_PROTOTYPES = YES;
				CLANG_WARN_SUSPICIOUS_MOVE = YES;
				CLANG_WARN_UNGUARDED_AVAILABILITY = YES_AGGRESSIVE;
				CLANG_WARN_UNREACHABLE_CODE = YES;
				CLANG_WARN__DUPLICATE_METHOD_MATCH = YES;
				COPY_PHASE_STRIP = NO;
				DEBUG_INFORMATION_FORMAT = "dwarf-with-dsym";
				ENABLE_NS_ASSERTIONS = NO;
				ENABLE_STRICT_OBJC_MSGSEND = YES;
				GCC_C_LANGUAGE_STANDARD = gnu11;
				GCC_NO_COMMON_BLOCKS = YES;
				GCC_WARN_64_TO_32_BIT_CONVERSION = YES;
				GCC_WARN_ABOUT_RETURN_TYPE = YES_ERROR;
				GCC_WARN_UNDECLARED_SELECTOR = YES;
				GCC_WARN_UNINITIALIZED_AUTOS = YES_AGGRESSIVE;
				GCC_WARN_UNUSED_FUNCTION = YES;
				GCC_WARN_UNUSED_VARIABLE = YES;
				IPHONEOS_DEPLOYMENT_TARGET = 14.4;
				MTL_ENABLE_DEBUG_INFO = NO;
				MTL_FAST_MATH = YES;
				SDKROOT = iphoneos;
				SWIFT_COMPILATION_MODE = wholemodule;
				SWIFT_OPTIMIZATION_LEVEL = "-O";
				VALIDATE_PRODUCT = YES;
			};
			name = Release;
		};
		382086CD260F8982000CECC8 /* Debug */ = {
			isa = XCBuildConfiguration;
			buildSettings = {
				ASSETCATALOG_COMPILER_APPICON_NAME = AppIcon;
				ASSETCATALOG_COMPILER_GLOBAL_ACCENT_COLOR_NAME = AccentColor;
				CODE_SIGN_STYLE = Automatic;
				DEVELOPMENT_ASSET_PATHS = "\"Landmarks/Preview Content\"";
				ENABLE_PREVIEWS = YES;
				INFOPLIST_FILE = Landmarks/Info.plist;
				IPHONEOS_DEPLOYMENT_TARGET = 14.0;
				LD_RUNPATH_SEARCH_PATHS = (
					"$(inherited)",
					"@executable_path/Frameworks",
				);
				PRODUCT_BUNDLE_IDENTIFIER = net.nandordevai.Landmarks;
				PRODUCT_NAME = "$(TARGET_NAME)";
				SWIFT_VERSION = 5.0;
				TARGETED_DEVICE_FAMILY = "1,2";
			};
			name = Debug;
		};
		382086CE260F8982000CECC8 /* Release */ = {
			isa = XCBuildConfiguration;
			buildSettings = {
				ASSETCATALOG_COMPILER_APPICON_NAME = AppIcon;
				ASSETCATALOG_COMPILER_GLOBAL_ACCENT_COLOR_NAME = AccentColor;
				CODE_SIGN_STYLE = Automatic;
				DEVELOPMENT_ASSET_PATHS = "\"Landmarks/Preview Content\"";
				ENABLE_PREVIEWS = YES;
				INFOPLIST_FILE = Landmarks/Info.plist;
				IPHONEOS_DEPLOYMENT_TARGET = 14.0;
				LD_RUNPATH_SEARCH_PATHS = (
					"$(inherited)",
					"@executable_path/Frameworks",
				);
				PRODUCT_BUNDLE_IDENTIFIER = net.nandordevai.Landmarks;
				PRODUCT_NAME = "$(TARGET_NAME)";
				SWIFT_VERSION = 5.0;
				TARGETED_DEVICE_FAMILY = "1,2";
			};
			name = Release;
		};
/* End XCBuildConfiguration section */

/* Begin XCConfigurationList section */
		382086B8260F8980000CECC8 /* Build configuration list for PBXProject "Landmarks" */ = {
			isa = XCConfigurationList;
			buildConfigurations = (
				382086CA260F8982000CECC8 /* Debug */,
				382086CB260F8982000CECC8 /* Release */,
			);
			defaultConfigurationIsVisible = 0;
			defaultConfigurationName = Release;
		};
		382086CC260F8982000CECC8 /* Build configuration list for PBXNativeTarget "Landmarks" */ = {
			isa = XCConfigurationList;
			buildConfigurations = (
				382086CD260F8982000CECC8 /* Debug */,
				382086CE260F8982000CECC8 /* Release */,
			);
			defaultConfigurationIsVisible = 0;
			defaultConfigurationName = Release;
		};
/* End XCConfigurationList section */
	};
	rootObject = 382086B5260F8980000CECC8 /* Project object */;
}
